
Microsoft Visual Studio Solution File, Format Version 12.00
# Visual Studio Version 16
VisualStudioVersion = 25.0.1703.0
MinimumVisualStudioVersion = 10.0.40219.1
Project("{FAE04EC0-301F-11D3-BF4B-00C04F79EFBC}") = "consoleApp-3", "consoleApp-3.csproj", "{4F750127-A094-46D8-BAF0-7BA0AE0F310D}"
EndProject
Global
	GlobalSection(SolutionConfigurationPlatforms) = preSolution
		Debug|Any CPU = Debug|Any CPU
		Release|Any CPU = Release|Any CPU
	EndGlobalSection
	GlobalSection(ProjectConfigurationPlatforms) = postSolution
		{4F750127-A094-46D8-BAF0-7BA0AE0F310D}.Debug|Any CPU.ActiveCfg = Debug|Any CPU
		{4F750127-A094-46D8-BAF0-7BA0AE0F310D}.Debug|Any CPU.Build.0 = Debug|Any CPU
		{4F750127-A094-46D8-BAF0-7BA0AE0F310D}.Release|Any CPU.ActiveCfg = Release|Any CPU
		{4F750127-A094-46D8-BAF0-7BA0AE0F310D}.Release|Any CPU.Build.0 = Release|Any CPU
	EndGlobalSection
	GlobalSection(SolutionProperties) = preSolution
		HideSolutionNode = FALSE
	EndGlobalSection
	GlobalSection(ExtensibilityGlobals) = postSolution
		SolutionGuid = {EDB5D066-2DC3-44FD-A61B-C1AEF26F079B}
	EndGlobalSection
EndGlobal
