
Microsoft Visual Studio Solution File, Format Version 12.00
# Visual Studio Version 16
VisualStudioVersion = 25.0.1703.1
MinimumVisualStudioVersion = 10.0.40219.1
Project("{FAE04EC0-301F-11D3-BF4B-00C04F79EFBC}") = "incrementElement", "incrementElement.csproj", "{1822CE4E-CB0F-4CBA-BC10-9118AB56467C}"
EndProject
Global
	GlobalSection(SolutionConfigurationPlatforms) = preSolution
		Debug|Any CPU = Debug|Any CPU
		Release|Any CPU = Release|Any CPU
	EndGlobalSection
	GlobalSection(ProjectConfigurationPlatforms) = postSolution
		{1822CE4E-CB0F-4CBA-BC10-9118AB56467C}.Debug|Any CPU.ActiveCfg = Debug|Any CPU
		{1822CE4E-CB0F-4CBA-BC10-9118AB56467C}.Debug|Any CPU.Build.0 = Debug|Any CPU
		{1822CE4E-CB0F-4CBA-BC10-9118AB56467C}.Release|Any CPU.ActiveCfg = Release|Any CPU
		{1822CE4E-CB0F-4CBA-BC10-9118AB56467C}.Release|Any CPU.Build.0 = Release|Any CPU
	EndGlobalSection
	GlobalSection(SolutionProperties) = preSolution
		HideSolutionNode = FALSE
	EndGlobalSection
	GlobalSection(ExtensibilityGlobals) = postSolution
		SolutionGuid = {A29D85D9-7546-449A-A7AA-9A60B6587556}
	EndGlobalSection
EndGlobal
