
Microsoft Visual Studio Solution File, Format Version 12.00
# Visual Studio Version 16
VisualStudioVersion = 25.0.1703.7
MinimumVisualStudioVersion = 10.0.40219.1
Project("{FAE04EC0-301F-11D3-BF4B-00C04F79EFBC}") = "PetrolStation", "PetrolStation.csproj", "{66A08276-66B6-4E5E-A2CD-688A1758CC25}"
EndProject
Global
	GlobalSection(SolutionConfigurationPlatforms) = preSolution
		Debug|Any CPU = Debug|Any CPU
		Release|Any CPU = Release|Any CPU
	EndGlobalSection
	GlobalSection(ProjectConfigurationPlatforms) = postSolution
		{66A08276-66B6-4E5E-A2CD-688A1758CC25}.Debug|Any CPU.ActiveCfg = Debug|Any CPU
		{66A08276-66B6-4E5E-A2CD-688A1758CC25}.Debug|Any CPU.Build.0 = Debug|Any CPU
		{66A08276-66B6-4E5E-A2CD-688A1758CC25}.Release|Any CPU.ActiveCfg = Release|Any CPU
		{66A08276-66B6-4E5E-A2CD-688A1758CC25}.Release|Any CPU.Build.0 = Release|Any CPU
	EndGlobalSection
	GlobalSection(SolutionProperties) = preSolution
		HideSolutionNode = FALSE
	EndGlobalSection
	GlobalSection(ExtensibilityGlobals) = postSolution
		SolutionGuid = {26633B20-284D-45C0-8C01-2AE95148475B}
	EndGlobalSection
EndGlobal
