
Microsoft Visual Studio Solution File, Format Version 12.00
# Visual Studio Version 16
VisualStudioVersion = 25.0.1703.1
MinimumVisualStudioVersion = 10.0.40219.1
Project("{FAE04EC0-301F-11D3-BF4B-00C04F79EFBC}") = "AppendAFunc", "AppendAFunc.csproj", "{5ACDC0DA-B485-4093-8EC4-2F3E9D10EE44}"
EndProject
Global
	GlobalSection(SolutionConfigurationPlatforms) = preSolution
		Debug|Any CPU = Debug|Any CPU
		Release|Any CPU = Release|Any CPU
	EndGlobalSection
	GlobalSection(ProjectConfigurationPlatforms) = postSolution
		{5ACDC0DA-B485-4093-8EC4-2F3E9D10EE44}.Debug|Any CPU.ActiveCfg = Debug|Any CPU
		{5ACDC0DA-B485-4093-8EC4-2F3E9D10EE44}.Debug|Any CPU.Build.0 = Debug|Any CPU
		{5ACDC0DA-B485-4093-8EC4-2F3E9D10EE44}.Release|Any CPU.ActiveCfg = Release|Any CPU
		{5ACDC0DA-B485-4093-8EC4-2F3E9D10EE44}.Release|Any CPU.Build.0 = Release|Any CPU
	EndGlobalSection
	GlobalSection(SolutionProperties) = preSolution
		HideSolutionNode = FALSE
	EndGlobalSection
	GlobalSection(ExtensibilityGlobals) = postSolution
		SolutionGuid = {A4A89537-7473-4961-83B9-55E42C5C7811}
	EndGlobalSection
EndGlobal
