
Microsoft Visual Studio Solution File, Format Version 12.00
# Visual Studio Version 16
VisualStudioVersion = 25.0.1703.6
MinimumVisualStudioVersion = 10.0.40219.1
Project("{FAE04EC0-301F-11D3-BF4B-00C04F79EFBC}") = "practice", "practice.csproj", "{4984D517-9D39-460D-8F15-8F7CEE39E22E}"
EndProject
Global
	GlobalSection(SolutionConfigurationPlatforms) = preSolution
		Debug|Any CPU = Debug|Any CPU
		Release|Any CPU = Release|Any CPU
	EndGlobalSection
	GlobalSection(ProjectConfigurationPlatforms) = postSolution
		{4984D517-9D39-460D-8F15-8F7CEE39E22E}.Debug|Any CPU.ActiveCfg = Debug|Any CPU
		{4984D517-9D39-460D-8F15-8F7CEE39E22E}.Debug|Any CPU.Build.0 = Debug|Any CPU
		{4984D517-9D39-460D-8F15-8F7CEE39E22E}.Release|Any CPU.ActiveCfg = Release|Any CPU
		{4984D517-9D39-460D-8F15-8F7CEE39E22E}.Release|Any CPU.Build.0 = Release|Any CPU
	EndGlobalSection
	GlobalSection(SolutionProperties) = preSolution
		HideSolutionNode = FALSE
	EndGlobalSection
	GlobalSection(ExtensibilityGlobals) = postSolution
		SolutionGuid = {1A8D4637-5720-4970-B9DC-807E607DEAD0}
	EndGlobalSection
EndGlobal
