
Microsoft Visual Studio Solution File, Format Version 12.00
# Visual Studio Version 16
VisualStudioVersion = 25.0.1703.1
MinimumVisualStudioVersion = 10.0.40219.1
Project("{FAE04EC0-301F-11D3-BF4B-00C04F79EFBC}") = "SwapElements", "SwapElements.csproj", "{EDA4B036-F566-4743-A1CA-385B238185BA}"
EndProject
Global
	GlobalSection(SolutionConfigurationPlatforms) = preSolution
		Debug|Any CPU = Debug|Any CPU
		Release|Any CPU = Release|Any CPU
	EndGlobalSection
	GlobalSection(ProjectConfigurationPlatforms) = postSolution
		{EDA4B036-F566-4743-A1CA-385B238185BA}.Debug|Any CPU.ActiveCfg = Debug|Any CPU
		{EDA4B036-F566-4743-A1CA-385B238185BA}.Debug|Any CPU.Build.0 = Debug|Any CPU
		{EDA4B036-F566-4743-A1CA-385B238185BA}.Release|Any CPU.ActiveCfg = Release|Any CPU
		{EDA4B036-F566-4743-A1CA-385B238185BA}.Release|Any CPU.Build.0 = Release|Any CPU
	EndGlobalSection
	GlobalSection(SolutionProperties) = preSolution
		HideSolutionNode = FALSE
	EndGlobalSection
	GlobalSection(ExtensibilityGlobals) = postSolution
		SolutionGuid = {81AB30A7-4984-4486-88F8-B9B666044016}
	EndGlobalSection
EndGlobal
