
Microsoft Visual Studio Solution File, Format Version 12.00
# Visual Studio Version 16
VisualStudioVersion = 25.0.1703.6
MinimumVisualStudioVersion = 10.0.40219.1
Project("{FAE04EC0-301F-11D3-BF4B-00C04F79EFBC}") = "BlogPost", "BlogPost.csproj", "{C83B613A-32FB-404C-8E7F-01FFC0E723CE}"
EndProject
Global
	GlobalSection(SolutionConfigurationPlatforms) = preSolution
		Debug|Any CPU = Debug|Any CPU
		Release|Any CPU = Release|Any CPU
	EndGlobalSection
	GlobalSection(ProjectConfigurationPlatforms) = postSolution
		{C83B613A-32FB-404C-8E7F-01FFC0E723CE}.Debug|Any CPU.ActiveCfg = Debug|Any CPU
		{C83B613A-32FB-404C-8E7F-01FFC0E723CE}.Debug|Any CPU.Build.0 = Debug|Any CPU
		{C83B613A-32FB-404C-8E7F-01FFC0E723CE}.Release|Any CPU.ActiveCfg = Release|Any CPU
		{C83B613A-32FB-404C-8E7F-01FFC0E723CE}.Release|Any CPU.Build.0 = Release|Any CPU
	EndGlobalSection
	GlobalSection(SolutionProperties) = preSolution
		HideSolutionNode = FALSE
	EndGlobalSection
	GlobalSection(ExtensibilityGlobals) = postSolution
		SolutionGuid = {C7344E68-1AF9-480D-8E20-3DBBE3538831}
	EndGlobalSection
EndGlobal
