
Microsoft Visual Studio Solution File, Format Version 12.00
# Visual Studio Version 16
VisualStudioVersion = 25.0.1703.6
MinimumVisualStudioVersion = 10.0.40219.1
Project("{FAE04EC0-301F-11D3-BF4B-00C04F79EFBC}") = "AppendLetter", "AppendLetter.csproj", "{E085C507-98DE-4630-8DBF-28A2CA62F172}"
EndProject
Global
	GlobalSection(SolutionConfigurationPlatforms) = preSolution
		Debug|Any CPU = Debug|Any CPU
		Release|Any CPU = Release|Any CPU
	EndGlobalSection
	GlobalSection(ProjectConfigurationPlatforms) = postSolution
		{E085C507-98DE-4630-8DBF-28A2CA62F172}.Debug|Any CPU.ActiveCfg = Debug|Any CPU
		{E085C507-98DE-4630-8DBF-28A2CA62F172}.Debug|Any CPU.Build.0 = Debug|Any CPU
		{E085C507-98DE-4630-8DBF-28A2CA62F172}.Release|Any CPU.ActiveCfg = Release|Any CPU
		{E085C507-98DE-4630-8DBF-28A2CA62F172}.Release|Any CPU.Build.0 = Release|Any CPU
	EndGlobalSection
	GlobalSection(SolutionProperties) = preSolution
		HideSolutionNode = FALSE
	EndGlobalSection
	GlobalSection(ExtensibilityGlobals) = postSolution
		SolutionGuid = {46833C11-0BB1-48C2-86FA-6894187E6FCC}
	EndGlobalSection
EndGlobal
