
Microsoft Visual Studio Solution File, Format Version 12.00
# Visual Studio Version 16
VisualStudioVersion = 25.0.1703.1
MinimumVisualStudioVersion = 10.0.40219.1
Project("{FAE04EC0-301F-11D3-BF4B-00C04F79EFBC}") = "Array", "Array.csproj", "{6CBE05D5-C8C8-41F6-ACC6-48EF94542488}"
EndProject
Global
	GlobalSection(SolutionConfigurationPlatforms) = preSolution
		Debug|Any CPU = Debug|Any CPU
		Release|Any CPU = Release|Any CPU
	EndGlobalSection
	GlobalSection(ProjectConfigurationPlatforms) = postSolution
		{6CBE05D5-C8C8-41F6-ACC6-48EF94542488}.Debug|Any CPU.ActiveCfg = Debug|Any CPU
		{6CBE05D5-C8C8-41F6-ACC6-48EF94542488}.Debug|Any CPU.Build.0 = Debug|Any CPU
		{6CBE05D5-C8C8-41F6-ACC6-48EF94542488}.Release|Any CPU.ActiveCfg = Release|Any CPU
		{6CBE05D5-C8C8-41F6-ACC6-48EF94542488}.Release|Any CPU.Build.0 = Release|Any CPU
	EndGlobalSection
	GlobalSection(SolutionProperties) = preSolution
		HideSolutionNode = FALSE
	EndGlobalSection
	GlobalSection(ExtensibilityGlobals) = postSolution
		SolutionGuid = {DEB16BF7-8874-4F18-86A4-28778787C6C3}
	EndGlobalSection
EndGlobal
