
Microsoft Visual Studio Solution File, Format Version 12.00
# Visual Studio Version 16
VisualStudioVersion = 25.0.1703.7
MinimumVisualStudioVersion = 10.0.40219.1
Project("{FAE04EC0-301F-11D3-BF4B-00C04F79EFBC}") = "TeacherAndStudent", "TeacherAndStudent.csproj", "{DF6900A8-62F7-4915-A4C0-040D23869EA0}"
EndProject
Global
	GlobalSection(SolutionConfigurationPlatforms) = preSolution
		Debug|Any CPU = Debug|Any CPU
		Release|Any CPU = Release|Any CPU
	EndGlobalSection
	GlobalSection(ProjectConfigurationPlatforms) = postSolution
		{DF6900A8-62F7-4915-A4C0-040D23869EA0}.Debug|Any CPU.ActiveCfg = Debug|Any CPU
		{DF6900A8-62F7-4915-A4C0-040D23869EA0}.Debug|Any CPU.Build.0 = Debug|Any CPU
		{DF6900A8-62F7-4915-A4C0-040D23869EA0}.Release|Any CPU.ActiveCfg = Release|Any CPU
		{DF6900A8-62F7-4915-A4C0-040D23869EA0}.Release|Any CPU.Build.0 = Release|Any CPU
	EndGlobalSection
	GlobalSection(SolutionProperties) = preSolution
		HideSolutionNode = FALSE
	EndGlobalSection
	GlobalSection(ExtensibilityGlobals) = postSolution
		SolutionGuid = {923EC35A-2EEA-442E-B97B-091FE7F7AAF6}
	EndGlobalSection
EndGlobal
