
Microsoft Visual Studio Solution File, Format Version 12.00
# Visual Studio Version 16
VisualStudioVersion = 25.0.1703.7
MinimumVisualStudioVersion = 10.0.40219.1
Project("{FAE04EC0-301F-11D3-BF4B-00C04F79EFBC}") = "Pirates", "Pirates.csproj", "{2F0145A0-1A4D-485F-BA32-69B1688802A8}"
EndProject
Global
	GlobalSection(SolutionConfigurationPlatforms) = preSolution
		Debug|Any CPU = Debug|Any CPU
		Release|Any CPU = Release|Any CPU
	EndGlobalSection
	GlobalSection(ProjectConfigurationPlatforms) = postSolution
		{2F0145A0-1A4D-485F-BA32-69B1688802A8}.Debug|Any CPU.ActiveCfg = Debug|Any CPU
		{2F0145A0-1A4D-485F-BA32-69B1688802A8}.Debug|Any CPU.Build.0 = Debug|Any CPU
		{2F0145A0-1A4D-485F-BA32-69B1688802A8}.Release|Any CPU.ActiveCfg = Release|Any CPU
		{2F0145A0-1A4D-485F-BA32-69B1688802A8}.Release|Any CPU.Build.0 = Release|Any CPU
	EndGlobalSection
	GlobalSection(SolutionProperties) = preSolution
		HideSolutionNode = FALSE
	EndGlobalSection
	GlobalSection(ExtensibilityGlobals) = postSolution
		SolutionGuid = {E160C27F-E8D7-4710-A3C8-4EBD02D4667A}
	EndGlobalSection
EndGlobal
