
Microsoft Visual Studio Solution File, Format Version 12.00
# Visual Studio Version 16
VisualStudioVersion = 25.0.1703.7
MinimumVisualStudioVersion = 10.0.40219.1
Project("{FAE04EC0-301F-11D3-BF4B-00C04F79EFBC}") = "Farm", "Farm.csproj", "{A039077C-257D-4EE1-83DC-1575BB43C887}"
EndProject
Global
	GlobalSection(SolutionConfigurationPlatforms) = preSolution
		Debug|Any CPU = Debug|Any CPU
		Release|Any CPU = Release|Any CPU
	EndGlobalSection
	GlobalSection(ProjectConfigurationPlatforms) = postSolution
		{A039077C-257D-4EE1-83DC-1575BB43C887}.Debug|Any CPU.ActiveCfg = Debug|Any CPU
		{A039077C-257D-4EE1-83DC-1575BB43C887}.Debug|Any CPU.Build.0 = Debug|Any CPU
		{A039077C-257D-4EE1-83DC-1575BB43C887}.Release|Any CPU.ActiveCfg = Release|Any CPU
		{A039077C-257D-4EE1-83DC-1575BB43C887}.Release|Any CPU.Build.0 = Release|Any CPU
	EndGlobalSection
	GlobalSection(SolutionProperties) = preSolution
		HideSolutionNode = FALSE
	EndGlobalSection
	GlobalSection(ExtensibilityGlobals) = postSolution
		SolutionGuid = {22151244-8362-4132-9847-8FB42BDD2D57}
	EndGlobalSection
EndGlobal
