
Microsoft Visual Studio Solution File, Format Version 12.00
# Visual Studio Version 16
VisualStudioVersion = 25.0.1703.1
MinimumVisualStudioVersion = 10.0.40219.1
Project("{FAE04EC0-301F-11D3-BF4B-00C04F79EFBC}") = "DrawTriangle", "DrawTriangle.csproj", "{DA41D8D4-1001-498D-A75A-7947C0CA4696}"
EndProject
Global
	GlobalSection(SolutionConfigurationPlatforms) = preSolution
		Debug|Any CPU = Debug|Any CPU
		Release|Any CPU = Release|Any CPU
	EndGlobalSection
	GlobalSection(ProjectConfigurationPlatforms) = postSolution
		{DA41D8D4-1001-498D-A75A-7947C0CA4696}.Debug|Any CPU.ActiveCfg = Debug|Any CPU
		{DA41D8D4-1001-498D-A75A-7947C0CA4696}.Debug|Any CPU.Build.0 = Debug|Any CPU
		{DA41D8D4-1001-498D-A75A-7947C0CA4696}.Release|Any CPU.ActiveCfg = Release|Any CPU
		{DA41D8D4-1001-498D-A75A-7947C0CA4696}.Release|Any CPU.Build.0 = Release|Any CPU
	EndGlobalSection
	GlobalSection(SolutionProperties) = preSolution
		HideSolutionNode = FALSE
	EndGlobalSection
	GlobalSection(ExtensibilityGlobals) = postSolution
		SolutionGuid = {F9F07455-3DFD-4B4E-8835-643DF1ADCEF9}
	EndGlobalSection
EndGlobal
