
Microsoft Visual Studio Solution File, Format Version 12.00
# Visual Studio Version 16
VisualStudioVersion = 25.0.1703.4
MinimumVisualStudioVersion = 10.0.40219.1
Project("{FAE04EC0-301F-11D3-BF4B-00C04F79EFBC}") = "ListIntroduction-2", "ListIntroduction-2.csproj", "{C68267A6-4B80-4D8D-B8B4-E7B99D3B7952}"
EndProject
Global
	GlobalSection(SolutionConfigurationPlatforms) = preSolution
		Debug|Any CPU = Debug|Any CPU
		Release|Any CPU = Release|Any CPU
	EndGlobalSection
	GlobalSection(ProjectConfigurationPlatforms) = postSolution
		{C68267A6-4B80-4D8D-B8B4-E7B99D3B7952}.Debug|Any CPU.ActiveCfg = Debug|Any CPU
		{C68267A6-4B80-4D8D-B8B4-E7B99D3B7952}.Debug|Any CPU.Build.0 = Debug|Any CPU
		{C68267A6-4B80-4D8D-B8B4-E7B99D3B7952}.Release|Any CPU.ActiveCfg = Release|Any CPU
		{C68267A6-4B80-4D8D-B8B4-E7B99D3B7952}.Release|Any CPU.Build.0 = Release|Any CPU
	EndGlobalSection
	GlobalSection(SolutionProperties) = preSolution
		HideSolutionNode = FALSE
	EndGlobalSection
	GlobalSection(ExtensibilityGlobals) = postSolution
		SolutionGuid = {5424DCEF-CD06-4541-A2E5-58AC3A9814C4}
	EndGlobalSection
EndGlobal
