
Microsoft Visual Studio Solution File, Format Version 12.00
# Visual Studio Version 16
VisualStudioVersion = 25.0.1703.1
MinimumVisualStudioVersion = 10.0.40219.1
Project("{FAE04EC0-301F-11D3-BF4B-00C04F79EFBC}") = "AverageOfInput", "AverageOfInput.csproj", "{58373315-D4C3-4BA3-85AA-46E37C5AEB46}"
EndProject
Global
	GlobalSection(SolutionConfigurationPlatforms) = preSolution
		Debug|Any CPU = Debug|Any CPU
		Release|Any CPU = Release|Any CPU
	EndGlobalSection
	GlobalSection(ProjectConfigurationPlatforms) = postSolution
		{58373315-D4C3-4BA3-85AA-46E37C5AEB46}.Debug|Any CPU.ActiveCfg = Debug|Any CPU
		{58373315-D4C3-4BA3-85AA-46E37C5AEB46}.Debug|Any CPU.Build.0 = Debug|Any CPU
		{58373315-D4C3-4BA3-85AA-46E37C5AEB46}.Release|Any CPU.ActiveCfg = Release|Any CPU
		{58373315-D4C3-4BA3-85AA-46E37C5AEB46}.Release|Any CPU.Build.0 = Release|Any CPU
	EndGlobalSection
	GlobalSection(SolutionProperties) = preSolution
		HideSolutionNode = FALSE
	EndGlobalSection
	GlobalSection(ExtensibilityGlobals) = postSolution
		SolutionGuid = {C902F7F1-1F57-4BE7-824A-4A34E49CC549}
	EndGlobalSection
EndGlobal
