
Microsoft Visual Studio Solution File, Format Version 12.00
# Visual Studio Version 16
VisualStudioVersion = 25.0.1703.1
MinimumVisualStudioVersion = 10.0.40219.1
Project("{FAE04EC0-301F-11D3-BF4B-00C04F79EFBC}") = "SumElements", "SumElements.csproj", "{9CEFB623-57E3-4E71-97EF-731B4E01546D}"
EndProject
Global
	GlobalSection(SolutionConfigurationPlatforms) = preSolution
		Debug|Any CPU = Debug|Any CPU
		Release|Any CPU = Release|Any CPU
	EndGlobalSection
	GlobalSection(ProjectConfigurationPlatforms) = postSolution
		{9CEFB623-57E3-4E71-97EF-731B4E01546D}.Debug|Any CPU.ActiveCfg = Debug|Any CPU
		{9CEFB623-57E3-4E71-97EF-731B4E01546D}.Debug|Any CPU.Build.0 = Debug|Any CPU
		{9CEFB623-57E3-4E71-97EF-731B4E01546D}.Release|Any CPU.ActiveCfg = Release|Any CPU
		{9CEFB623-57E3-4E71-97EF-731B4E01546D}.Release|Any CPU.Build.0 = Release|Any CPU
	EndGlobalSection
	GlobalSection(SolutionProperties) = preSolution
		HideSolutionNode = FALSE
	EndGlobalSection
	GlobalSection(ExtensibilityGlobals) = postSolution
		SolutionGuid = {FA72D222-7A57-49CC-A2EE-CD26DE4C9429}
	EndGlobalSection
EndGlobal
