
Microsoft Visual Studio Solution File, Format Version 12.00
# Visual Studio Version 16
VisualStudioVersion = 25.0.1703.6
MinimumVisualStudioVersion = 10.0.40219.1
Project("{FAE04EC0-301F-11D3-BF4B-00C04F79EFBC}") = "DiceSet", "DiceSet.csproj", "{62DD12E9-6C56-4582-A08D-A57E410E525F}"
EndProject
Global
	GlobalSection(SolutionConfigurationPlatforms) = preSolution
		Debug|Any CPU = Debug|Any CPU
		Release|Any CPU = Release|Any CPU
	EndGlobalSection
	GlobalSection(ProjectConfigurationPlatforms) = postSolution
		{62DD12E9-6C56-4582-A08D-A57E410E525F}.Debug|Any CPU.ActiveCfg = Debug|Any CPU
		{62DD12E9-6C56-4582-A08D-A57E410E525F}.Debug|Any CPU.Build.0 = Debug|Any CPU
		{62DD12E9-6C56-4582-A08D-A57E410E525F}.Release|Any CPU.ActiveCfg = Release|Any CPU
		{62DD12E9-6C56-4582-A08D-A57E410E525F}.Release|Any CPU.Build.0 = Release|Any CPU
	EndGlobalSection
	GlobalSection(SolutionProperties) = preSolution
		HideSolutionNode = FALSE
	EndGlobalSection
	GlobalSection(ExtensibilityGlobals) = postSolution
		SolutionGuid = {5D78BAA2-948E-4908-98A7-BFD4BED19C66}
	EndGlobalSection
EndGlobal
