
Microsoft Visual Studio Solution File, Format Version 12.00
# Visual Studio Version 16
VisualStudioVersion = 25.0.1703.6
MinimumVisualStudioVersion = 10.0.40219.1
Project("{FAE04EC0-301F-11D3-BF4B-00C04F79EFBC}") = "CandyShop", "CandyShop.csproj", "{32917C8D-5DFA-4B3C-ABA9-7610A464E8E8}"
EndProject
Global
	GlobalSection(SolutionConfigurationPlatforms) = preSolution
		Debug|Any CPU = Debug|Any CPU
		Release|Any CPU = Release|Any CPU
	EndGlobalSection
	GlobalSection(ProjectConfigurationPlatforms) = postSolution
		{32917C8D-5DFA-4B3C-ABA9-7610A464E8E8}.Debug|Any CPU.ActiveCfg = Debug|Any CPU
		{32917C8D-5DFA-4B3C-ABA9-7610A464E8E8}.Debug|Any CPU.Build.0 = Debug|Any CPU
		{32917C8D-5DFA-4B3C-ABA9-7610A464E8E8}.Release|Any CPU.ActiveCfg = Release|Any CPU
		{32917C8D-5DFA-4B3C-ABA9-7610A464E8E8}.Release|Any CPU.Build.0 = Release|Any CPU
	EndGlobalSection
	GlobalSection(SolutionProperties) = preSolution
		HideSolutionNode = FALSE
	EndGlobalSection
	GlobalSection(ExtensibilityGlobals) = postSolution
		SolutionGuid = {8558991D-EB20-4014-B2B0-78B3707AD8F1}
	EndGlobalSection
EndGlobal
