
Microsoft Visual Studio Solution File, Format Version 12.00
# Visual Studio Version 16
VisualStudioVersion = 25.0.1703.3
MinimumVisualStudioVersion = 10.0.40219.1
Project("{FAE04EC0-301F-11D3-BF4B-00C04F79EFBC}") = "Reverse", "Reverse.csproj", "{CA71076E-AFA2-4051-A89C-92A151C84F17}"
EndProject
Global
	GlobalSection(SolutionConfigurationPlatforms) = preSolution
		Debug|Any CPU = Debug|Any CPU
		Release|Any CPU = Release|Any CPU
	EndGlobalSection
	GlobalSection(ProjectConfigurationPlatforms) = postSolution
		{CA71076E-AFA2-4051-A89C-92A151C84F17}.Debug|Any CPU.ActiveCfg = Debug|Any CPU
		{CA71076E-AFA2-4051-A89C-92A151C84F17}.Debug|Any CPU.Build.0 = Debug|Any CPU
		{CA71076E-AFA2-4051-A89C-92A151C84F17}.Release|Any CPU.ActiveCfg = Release|Any CPU
		{CA71076E-AFA2-4051-A89C-92A151C84F17}.Release|Any CPU.Build.0 = Release|Any CPU
	EndGlobalSection
	GlobalSection(SolutionProperties) = preSolution
		HideSolutionNode = FALSE
	EndGlobalSection
	GlobalSection(ExtensibilityGlobals) = postSolution
		SolutionGuid = {3A1AA070-0382-4738-B74B-599DFA67080B}
	EndGlobalSection
EndGlobal
