
Microsoft Visual Studio Solution File, Format Version 12.00
# Visual Studio Version 16
VisualStudioVersion = 25.0.1703.3
MinimumVisualStudioVersion = 10.0.40219.1
Project("{FAE04EC0-301F-11D3-BF4B-00C04F79EFBC}") = "TodoPrint", "TodoPrint.csproj", "{EBD871B7-95C5-4969-B86B-67D1897FB8AE}"
EndProject
Global
	GlobalSection(SolutionConfigurationPlatforms) = preSolution
		Debug|Any CPU = Debug|Any CPU
		Release|Any CPU = Release|Any CPU
	EndGlobalSection
	GlobalSection(ProjectConfigurationPlatforms) = postSolution
		{EBD871B7-95C5-4969-B86B-67D1897FB8AE}.Debug|Any CPU.ActiveCfg = Debug|Any CPU
		{EBD871B7-95C5-4969-B86B-67D1897FB8AE}.Debug|Any CPU.Build.0 = Debug|Any CPU
		{EBD871B7-95C5-4969-B86B-67D1897FB8AE}.Release|Any CPU.ActiveCfg = Release|Any CPU
		{EBD871B7-95C5-4969-B86B-67D1897FB8AE}.Release|Any CPU.Build.0 = Release|Any CPU
	EndGlobalSection
	GlobalSection(SolutionProperties) = preSolution
		HideSolutionNode = FALSE
	EndGlobalSection
	GlobalSection(ExtensibilityGlobals) = postSolution
		SolutionGuid = {BE3528E6-5BFB-4E6D-A397-DBAFAE7BB8E5}
	EndGlobalSection
EndGlobal
